
Microsoft Visual Studio Solution File, Format Version 12.00
# Visual Studio Version 17
VisualStudioVersion = 17.0.31912.275
MinimumVisualStudioVersion = 10.0.40219.1
Project("{FAE04EC0-301F-11D3-BF4B-00C04F79EFBC}") = "TestDeploymentCenter", "TestDeploymentCenter\TestDeploymentCenter.csproj", "{23FDE466-9700-46AC-879D-0F1C9BA14BB5}"
EndProject
Global
	GlobalSection(SolutionConfigurationPlatforms) = preSolution
		Debug|Any CPU = Debug|Any CPU
		Release|Any CPU = Release|Any CPU
	EndGlobalSection
	GlobalSection(ProjectConfigurationPlatforms) = postSolution
		{23FDE466-9700-46AC-879D-0F1C9BA14BB5}.Debug|Any CPU.ActiveCfg = Debug|Any CPU
		{23FDE466-9700-46AC-879D-0F1C9BA14BB5}.Debug|Any CPU.Build.0 = Debug|Any CPU
		{23FDE466-9700-46AC-879D-0F1C9BA14BB5}.Release|Any CPU.ActiveCfg = Release|Any CPU
		{23FDE466-9700-46AC-879D-0F1C9BA14BB5}.Release|Any CPU.Build.0 = Release|Any CPU
	EndGlobalSection
	GlobalSection(SolutionProperties) = preSolution
		HideSolutionNode = FALSE
	EndGlobalSection
	GlobalSection(ExtensibilityGlobals) = postSolution
		SolutionGuid = {00E5ED78-C85A-4964-8176-782CECFD9A8B}
	EndGlobalSection
EndGlobal
